// !$*UTF8*$!
{
	archiveVersion = 1;
	classes = {
	};
	objectVersion = 50;
	objects = {

/* Begin PBXBuildFile section */
		7C0126072435DA81003410BF /* AppDelegate.swift in Sources */ = {isa = PBXBuildFile; fileRef = 7C0126062435DA81003410BF /* AppDelegate.swift */; };
		7C01260B2435DA81003410BF /* ViewController.swift in Sources */ = {isa = PBXBuildFile; fileRef = 7C01260A2435DA81003410BF /* ViewController.swift */; };
		7C01260E2435DA81003410BF /* Main.storyboard in Resources */ = {isa = PBXBuildFile; fileRef = 7C01260C2435DA81003410BF /* Main.storyboard */; };
		7C0126102435DA82003410BF /* Assets.xcassets in Resources */ = {isa = PBXBuildFile; fileRef = 7C01260F2435DA82003410BF /* Assets.xcassets */; };
		7C0126132435DA82003410BF /* LaunchScreen.storyboard in Resources */ = {isa = PBXBuildFile; fileRef = 7C0126112435DA82003410BF /* LaunchScreen.storyboard */; };
		7C01261E2435DBEE003410BF /* RotatableImage.swift in Sources */ = {isa = PBXBuildFile; fileRef = 7C01261D2435DBEE003410BF /* RotatableImage.swift */; };
		7C0126202435DCEC003410BF /* ImageAsset.swift in Sources */ = {isa = PBXBuildFile; fileRef = 7C01261F2435DCEC003410BF /* ImageAsset.swift */; };
		7C01262A243615EA003410BF /* RotatableImageTests.swift in Sources */ = {isa = PBXBuildFile; fileRef = 7C012629243615EA003410BF /* RotatableImageTests.swift */; };
/* End PBXBuildFile section */

/* Begin PBXContainerItemProxy section */
		7C01262C243615EA003410BF /* PBXContainerItemProxy */ = {
			isa = PBXContainerItemProxy;
			containerPortal = 7C0125FB2435DA81003410BF /* Project object */;
			proxyType = 1;
			remoteGlobalIDString = 7C0126022435DA81003410BF;
			remoteInfo = ImageRotation;
		};
/* End PBXContainerItemProxy section */

/* Begin PBXFileReference section */
		7C0126032435DA81003410BF /* ImageRotation.app */ = {isa = PBXFileReference; explicitFileType = wrapper.application; includeInIndex = 0; path = ImageRotation.app; sourceTree = BUILT_PRODUCTS_DIR; };
		7C0126062435DA81003410BF /* AppDelegate.swift */ = {isa = PBXFileReference; lastKnownFileType = sourcecode.swift; path = AppDelegate.swift; sourceTree = "<group>"; };
		7C01260A2435DA81003410BF /* ViewController.swift */ = {isa = PBXFileReference; lastKnownFileType = sourcecode.swift; path = ViewController.swift; sourceTree = "<group>"; };
		7C01260D2435DA81003410BF /* Base */ = {isa = PBXFileReference; lastKnownFileType = file.storyboard; name = Base; path = Base.lproj/Main.storyboard; sourceTree = "<group>"; };
		7C01260F2435DA82003410BF /* Assets.xcassets */ = {isa = PBXFileReference; lastKnownFileType = folder.assetcatalog; path = Assets.xcassets; sourceTree = "<group>"; };
		7C0126122435DA82003410BF /* Base */ = {isa = PBXFileReference; lastKnownFileType = file.storyboard; name = Base; path = Base.lproj/LaunchScreen.storyboard; sourceTree = "<group>"; };
		7C0126142435DA82003410BF /* Info.plist */ = {isa = PBXFileReference; lastKnownFileType = text.plist.xml; path = Info.plist; sourceTree = "<group>"; };
		7C01261D2435DBEE003410BF /* RotatableImage.swift */ = {isa = PBXFileReference; lastKnownFileType = sourcecode.swift; path = RotatableImage.swift; sourceTree = "<group>"; };
		7C01261F2435DCEC003410BF /* ImageAsset.swift */ = {isa = PBXFileReference; lastKnownFileType = sourcecode.swift; path = ImageAsset.swift; sourceTree = "<group>"; };
		7C012627243615EA003410BF /* ImageRotatorTests.xctest */ = {isa = PBXFileReference; explicitFileType = wrapper.cfbundle; includeInIndex = 0; path = ImageRotatorTests.xctest; sourceTree = BUILT_PRODUCTS_DIR; };
		7C012629243615EA003410BF /* RotatableImageTests.swift */ = {isa = PBXFileReference; lastKnownFileType = sourcecode.swift; path = RotatableImageTests.swift; sourceTree = "<group>"; };
		7C01262B243615EA003410BF /* Info.plist */ = {isa = PBXFileReference; lastKnownFileType = text.plist.xml; path = Info.plist; sourceTree = "<group>"; };
/* End PBXFileReference section */

/* Begin PBXFrameworksBuildPhase section */
		7C0126002435DA81003410BF /* Frameworks */ = {
			isa = PBXFrameworksBuildPhase;
			buildActionMask = 2147483647;
			files = (
			);
			runOnlyForDeploymentPostprocessing = 0;
		};
		7C012624243615EA003410BF /* Frameworks */ = {
			isa = PBXFrameworksBuildPhase;
			buildActionMask = 2147483647;
			files = (
			);
			runOnlyForDeploymentPostprocessing = 0;
		};
/* End PBXFrameworksBuildPhase section */

/* Begin PBXGroup section */
		7C0125FA2435DA81003410BF = {
			isa = PBXGroup;
			children = (
				7C0126052435DA81003410BF /* ImageRotation */,
				7C012628243615EA003410BF /* ImageRotatorTests */,
				7C0126042435DA81003410BF /* Products */,
			);
			sourceTree = "<group>";
		};
		7C0126042435DA81003410BF /* Products */ = {
			isa = PBXGroup;
			children = (
				7C0126032435DA81003410BF /* ImageRotation.app */,
				7C012627243615EA003410BF /* ImageRotatorTests.xctest */,
			);
			name = Products;
			sourceTree = "<group>";
		};
		7C0126052435DA81003410BF /* ImageRotation */ = {
			isa = PBXGroup;
			children = (
				7C0126062435DA81003410BF /* AppDelegate.swift */,
				7C01260A2435DA81003410BF /* ViewController.swift */,
				7C01260C2435DA81003410BF /* Main.storyboard */,
				7C01260F2435DA82003410BF /* Assets.xcassets */,
				7C0126112435DA82003410BF /* LaunchScreen.storyboard */,
				7C0126142435DA82003410BF /* Info.plist */,
				7C01261D2435DBEE003410BF /* RotatableImage.swift */,
				7C01261F2435DCEC003410BF /* ImageAsset.swift */,
			);
			path = ImageRotation;
			sourceTree = "<group>";
		};
		7C012628243615EA003410BF /* ImageRotatorTests */ = {
			isa = PBXGroup;
			children = (
				7C012629243615EA003410BF /* RotatableImageTests.swift */,
				7C01262B243615EA003410BF /* Info.plist */,
			);
			path = ImageRotatorTests;
			sourceTree = "<group>";
		};
/* End PBXGroup section */

/* Begin PBXNativeTarget section */
		7C0126022435DA81003410BF /* ImageRotation */ = {
			isa = PBXNativeTarget;
			buildConfigurationList = 7C0126172435DA82003410BF /* Build configuration list for PBXNativeTarget "ImageRotation" */;
			buildPhases = (
				7C0125FF2435DA81003410BF /* Sources */,
				7C0126002435DA81003410BF /* Frameworks */,
				7C0126012435DA81003410BF /* Resources */,
			);
			buildRules = (
			);
			dependencies = (
			);
			name = ImageRotation;
			productName = ImageRotation;
			productReference = 7C0126032435DA81003410BF /* ImageRotation.app */;
			productType = "com.apple.product-type.application";
		};
		7C012626243615EA003410BF /* ImageRotatorTests */ = {
			isa = PBXNativeTarget;
			buildConfigurationList = 7C01262E243615EA003410BF /* Build configuration list for PBXNativeTarget "ImageRotatorTests" */;
			buildPhases = (
				7C012623243615EA003410BF /* Sources */,
				7C012624243615EA003410BF /* Frameworks */,
				7C012625243615EA003410BF /* Resources */,
			);
			buildRules = (
			);
			dependencies = (
				7C01262D243615EA003410BF /* PBXTargetDependency */,
			);
			name = ImageRotatorTests;
			productName = ImageRotatorTests;
			productReference = 7C012627243615EA003410BF /* ImageRotatorTests.xctest */;
			productType = "com.apple.product-type.bundle.unit-test";
		};
/* End PBXNativeTarget section */

/* Begin PBXProject section */
		7C0125FB2435DA81003410BF /* Project object */ = {
			isa = PBXProject;
			attributes = {
				LastSwiftUpdateCheck = 1140;
				LastUpgradeCheck = 1140;
				ORGANIZATIONNAME = "Charles Hsieh";
				TargetAttributes = {
					7C0126022435DA81003410BF = {
						CreatedOnToolsVersion = 11.4;
					};
					7C012626243615EA003410BF = {
						CreatedOnToolsVersion = 11.4;
						TestTargetID = 7C0126022435DA81003410BF;
					};
				};
			};
			buildConfigurationList = 7C0125FE2435DA81003410BF /* Build configuration list for PBXProject "ImageRotation" */;
			compatibilityVersion = "Xcode 9.3";
			developmentRegion = en;
			hasScannedForEncodings = 0;
			knownRegions = (
				en,
				Base,
			);
			mainGroup = 7C0125FA2435DA81003410BF;
			productRefGroup = 7C0126042435DA81003410BF /* Products */;
			projectDirPath = "";
			projectRoot = "";
			targets = (
				7C0126022435DA81003410BF /* ImageRotation */,
				7C012626243615EA003410BF /* ImageRotatorTests */,
			);
		};
/* End PBXProject section */

/* Begin PBXResourcesBuildPhase section */
		7C0126012435DA81003410BF /* Resources */ = {
			isa = PBXResourcesBuildPhase;
			buildActionMask = 2147483647;
			files = (
				7C0126132435DA82003410BF /* LaunchScreen.storyboard in Resources */,
				7C0126102435DA82003410BF /* Assets.xcassets in Resources */,
				7C01260E2435DA81003410BF /* Main.storyboard in Resources */,
			);
			runOnlyForDeploymentPostprocessing = 0;
		};
		7C012625243615EA003410BF /* Resources */ = {
			isa = PBXResourcesBuildPhase;
			buildActionMask = 2147483647;
			files = (
			);
			runOnlyForDeploymentPostprocessing = 0;
		};
/* End PBXResourcesBuildPhase section */

/* Begin PBXSourcesBuildPhase section */
		7C0125FF2435DA81003410BF /* Sources */ = {
			isa = PBXSourcesBuildPhase;
			buildActionMask = 2147483647;
			files = (
				7C01261E2435DBEE003410BF /* RotatableImage.swift in Sources */,
				7C01260B2435DA81003410BF /* ViewController.swift in Sources */,
				7C0126202435DCEC003410BF /* ImageAsset.swift in Sources */,
				7C0126072435DA81003410BF /* AppDelegate.swift in Sources */,
			);
			runOnlyForDeploymentPostprocessing = 0;
		};
		7C012623243615EA003410BF /* Sources */ = {
			isa = PBXSourcesBuildPhase;
			buildActionMask = 2147483647;
			files = (
				7C01262A243615EA003410BF /* RotatableImageTests.swift in Sources */,
			);
			runOnlyForDeploymentPostprocessing = 0;
		};
/* End PBXSourcesBuildPhase section */

/* Begin PBXTargetDependency section */
		7C01262D243615EA003410BF /* PBXTargetDependency */ = {
			isa = PBXTargetDependency;
			target = 7C0126022435DA81003410BF /* ImageRotation */;
			targetProxy = 7C01262C243615EA003410BF /* PBXContainerItemProxy */;
		};
/* End PBXTargetDependency section */

/* Begin PBXVariantGroup section */
		7C01260C2435DA81003410BF /* Main.storyboard */ = {
			isa = PBXVariantGroup;
			children = (
				7C01260D2435DA81003410BF /* Base */,
			);
			name = Main.storyboard;
			sourceTree = "<group>";
		};
		7C0126112435DA82003410BF /* LaunchScreen.storyboard */ = {
			isa = PBXVariantGroup;
			children = (
				7C0126122435DA82003410BF /* Base */,
			);
			name = LaunchScreen.storyboard;
			sourceTree = "<group>";
		};
/* End PBXVariantGroup section */

/* Begin XCBuildConfiguration section */
		7C0126152435DA82003410BF /* Debug */ = {
			isa = XCBuildConfiguration;
			buildSettings = {
				ALWAYS_SEARCH_USER_PATHS = NO;
				CLANG_ANALYZER_NONNULL = YES;
				CLANG_ANALYZER_NUMBER_OBJECT_CONVERSION = YES_AGGRESSIVE;
				CLANG_CXX_LANGUAGE_STANDARD = "gnu++14";
				CLANG_CXX_LIBRARY = "libc++";
				CLANG_ENABLE_MODULES = YES;
				CLANG_ENABLE_OBJC_ARC = YES;
				CLANG_ENABLE_OBJC_WEAK = YES;
				CLANG_WARN_BLOCK_CAPTURE_AUTORELEASING = YES;
				CLANG_WARN_BOOL_CONVERSION = YES;
				CLANG_WARN_COMMA = YES;
				CLANG_WARN_CONSTANT_CONVERSION = YES;
				CLANG_WARN_DEPRECATED_OBJC_IMPLEMENTATIONS = YES;
				CLANG_WARN_DIRECT_OBJC_ISA_USAGE = YES_ERROR;
				CLANG_WARN_DOCUMENTATION_COMMENTS = YES;
				CLANG_WARN_EMPTY_BODY = YES;
				CLANG_WARN_ENUM_CONVERSION = YES;
				CLANG_WARN_INFINITE_RECURSION = YES;
				CLANG_WARN_INT_CONVERSION = YES;
				CLANG_WARN_NON_LITERAL_NULL_CONVERSION = YES;
				CLANG_WARN_OBJC_IMPLICIT_RETAIN_SELF = YES;
				CLANG_WARN_OBJC_LITERAL_CONVERSION = YES;
				CLANG_WARN_OBJC_ROOT_CLASS = YES_ERROR;
				CLANG_WARN_RANGE_LOOP_ANALYSIS = YES;
				CLANG_WARN_STRICT_PROTOTYPES = YES;
				CLANG_WARN_SUSPICIOUS_MOVE = YES;
				CLANG_WARN_UNGUARDED_AVAILABILITY = YES_AGGRESSIVE;
				CLANG_WARN_UNREACHABLE_CODE = YES;
				CLANG_WARN__DUPLICATE_METHOD_MATCH = YES;
				COPY_PHASE_STRIP = NO;
				DEBUG_INFORMATION_FORMAT = dwarf;
				ENABLE_STRICT_OBJC_MSGSEND = YES;
				ENABLE_TESTABILITY = YES;
				GCC_C_LANGUAGE_STANDARD = gnu11;
				GCC_DYNAMIC_NO_PIC = NO;
				GCC_NO_COMMON_BLOCKS = YES;
				GCC_OPTIMIZATION_LEVEL = 0;
				GCC_PREPROCESSOR_DEFINITIONS = (
					"DEBUG=1",
					"$(inherited)",
				);
				GCC_WARN_64_TO_32_BIT_CONVERSION = YES;
				GCC_WARN_ABOUT_RETURN_TYPE = YES_ERROR;
				GCC_WARN_UNDECLARED_SELECTOR = YES;
				GCC_WARN_UNINITIALIZED_AUTOS = YES_AGGRESSIVE;
				GCC_WARN_UNUSED_FUNCTION = YES;
				GCC_WARN_UNUSED_VARIABLE = YES;
				IPHONEOS_DEPLOYMENT_TARGET = 13.4;
				MTL_ENABLE_DEBUG_INFO = INCLUDE_SOURCE;
				MTL_FAST_MATH = YES;
				ONLY_ACTIVE_ARCH = YES;
				SDKROOT = iphoneos;
				SWIFT_ACTIVE_COMPILATION_CONDITIONS = DEBUG;
				SWIFT_OPTIMIZATION_LEVEL = "-Onone";
			};
			name = Debug;
		};
		7C0126162435DA82003410BF /* Release */ = {
			isa = XCBuildConfiguration;
			buildSettings = {
				ALWAYS_SEARCH_USER_PATHS = NO;
				CLANG_ANALYZER_NONNULL = YES;
				CLANG_ANALYZER_NUMBER_OBJECT_CONVERSION = YES_AGGRESSIVE;
				CLANG_CXX_LANGUAGE_STANDARD = "gnu++14";
				CLANG_CXX_LIBRARY = "libc++";
				CLANG_ENABLE_MODULES = YES;
				CLANG_ENABLE_OBJC_ARC = YES;
				CLANG_ENABLE_OBJC_WEAK = YES;
				CLANG_WARN_BLOCK_CAPTURE_AUTORELEASING = YES;
				CLANG_WARN_BOOL_CONVERSION = YES;
				CLANG_WARN_COMMA = YES;
				CLANG_WARN_CONSTANT_CONVERSION = YES;
				CLANG_WARN_DEPRECATED_OBJC_IMPLEMENTATIONS = YES;
				CLANG_WARN_DIRECT_OBJC_ISA_USAGE = YES_ERROR;
				CLANG_WARN_DOCUMENTATION_COMMENTS = YES;
				CLANG_WARN_EMPTY_BODY = YES;
				CLANG_WARN_ENUM_CONVERSION = YES;
				CLANG_WARN_INFINITE_RECURSION = YES;
				CLANG_WARN_INT_CONVERSION = YES;
				CLANG_WARN_NON_LITERAL_NULL_CONVERSION = YES;
				CLANG_WARN_OBJC_IMPLICIT_RETAIN_SELF = YES;
				CLANG_WARN_OBJC_LITERAL_CONVERSION = YES;
				CLANG_WARN_OBJC_ROOT_CLASS = YES_ERROR;
				CLANG_WARN_RANGE_LOOP_ANALYSIS = YES;
				CLANG_WARN_STRICT_PROTOTYPES = YES;
				CLANG_WARN_SUSPICIOUS_MOVE = YES;
				CLANG_WARN_UNGUARDED_AVAILABILITY = YES_AGGRESSIVE;
				CLANG_WARN_UNREACHABLE_CODE = YES;
				CLANG_WARN__DUPLICATE_METHOD_MATCH = YES;
				COPY_PHASE_STRIP = NO;
				DEBUG_INFORMATION_FORMAT = "dwarf-with-dsym";
				ENABLE_NS_ASSERTIONS = NO;
				ENABLE_STRICT_OBJC_MSGSEND = YES;
				GCC_C_LANGUAGE_STANDARD = gnu11;
				GCC_NO_COMMON_BLOCKS = YES;
				GCC_WARN_64_TO_32_BIT_CONVERSION = YES;
				GCC_WARN_ABOUT_RETURN_TYPE = YES_ERROR;
				GCC_WARN_UNDECLARED_SELECTOR = YES;
				GCC_WARN_UNINITIALIZED_AUTOS = YES_AGGRESSIVE;
				GCC_WARN_UNUSED_FUNCTION = YES;
				GCC_WARN_UNUSED_VARIABLE = YES;
				IPHONEOS_DEPLOYMENT_TARGET = 13.4;
				MTL_ENABLE_DEBUG_INFO = NO;
				MTL_FAST_MATH = YES;
				SDKROOT = iphoneos;
				SWIFT_COMPILATION_MODE = wholemodule;
				SWIFT_OPTIMIZATION_LEVEL = "-O";
				VALIDATE_PRODUCT = YES;
			};
			name = Release;
		};
		7C0126182435DA82003410BF /* Debug */ = {
			isa = XCBuildConfiguration;
			buildSettings = {
				ASSETCATALOG_COMPILER_APPICON_NAME = AppIcon;
				CODE_SIGN_STYLE = Automatic;
				DEVELOPMENT_TEAM = HW9KY3R5BK;
				INFOPLIST_FILE = ImageRotation/Info.plist;
				LD_RUNPATH_SEARCH_PATHS = (
					"$(inherited)",
					"@executable_path/Frameworks",
				);
				PRODUCT_BUNDLE_IDENTIFIER = com.charleshs.ImageRotation;
				PRODUCT_NAME = "$(TARGET_NAME)";
				SWIFT_VERSION = 5.0;
				TARGETED_DEVICE_FAMILY = "1,2";
			};
			name = Debug;
		};
		7C0126192435DA82003410BF /* Release */ = {
			isa = XCBuildConfiguration;
			buildSettings = {
				ASSETCATALOG_COMPILER_APPICON_NAME = AppIcon;
				CODE_SIGN_STYLE = Automatic;
				DEVELOPMENT_TEAM = HW9KY3R5BK;
				INFOPLIST_FILE = ImageRotation/Info.plist;
				LD_RUNPATH_SEARCH_PATHS = (
					"$(inherited)",
					"@executable_path/Frameworks",
				);
				PRODUCT_BUNDLE_IDENTIFIER = com.charleshs.ImageRotation;
				PRODUCT_NAME = "$(TARGET_NAME)";
				SWIFT_VERSION = 5.0;
				TARGETED_DEVICE_FAMILY = "1,2";
			};
			name = Release;
		};
		7C01262F243615EA003410BF /* Debug */ = {
			isa = XCBuildConfiguration;
			buildSettings = {
				BUNDLE_LOADER = "$(TEST_HOST)";
				CODE_SIGN_STYLE = Automatic;
				DEVELOPMENT_TEAM = HW9KY3R5BK;
				INFOPLIST_FILE = ImageRotatorTests/Info.plist;
				LD_RUNPATH_SEARCH_PATHS = (
					"$(inherited)",
					"@executable_path/Frameworks",
					"@loader_path/Frameworks",
				);
				PRODUCT_BUNDLE_IDENTIFIER = com.charleshs.ImageRotatorTests;
				PRODUCT_NAME = "$(TARGET_NAME)";
				SWIFT_VERSION = 5.0;
				TARGETED_DEVICE_FAMILY = "1,2";
				TEST_HOST = "$(BUILT_PRODUCTS_DIR)/ImageRotation.app/ImageRotation";
			};
			name = Debug;
		};
		7C012630243615EA003410BF /* Release */ = {
			isa = XCBuildConfiguration;
			buildSettings = {
				BUNDLE_LOADER = "$(TEST_HOST)";
				CODE_SIGN_STYLE = Automatic;
				DEVELOPMENT_TEAM = HW9KY3R5BK;
				INFOPLIST_FILE = ImageRotatorTests/Info.plist;
				LD_RUNPATH_SEARCH_PATHS = (
					"$(inherited)",
					"@executable_path/Frameworks",
					"@loader_path/Frameworks",
				);
				PRODUCT_BUNDLE_IDENTIFIER = com.charleshs.ImageRotatorTests;
				PRODUCT_NAME = "$(TARGET_NAME)";
				SWIFT_VERSION = 5.0;
				TARGETED_DEVICE_FAMILY = "1,2";
				TEST_HOST = "$(BUILT_PRODUCTS_DIR)/ImageRotation.app/ImageRotation";
			};
			name = Release;
		};
/* End XCBuildConfiguration section */

/* Begin XCConfigurationList section */
		7C0125FE2435DA81003410BF /* Build configuration list for PBXProject "ImageRotation" */ = {
			isa = XCConfigurationList;
			buildConfigurations = (
				7C0126152435DA82003410BF /* Debug */,
				7C0126162435DA82003410BF /* Release */,
			);
			defaultConfigurationIsVisible = 0;
			defaultConfigurationName = Release;
		};
		7C0126172435DA82003410BF /* Build configuration list for PBXNativeTarget "ImageRotation" */ = {
			isa = XCConfigurationList;
			buildConfigurations = (
				7C0126182435DA82003410BF /* Debug */,
				7C0126192435DA82003410BF /* Release */,
			);
			defaultConfigurationIsVisible = 0;
			defaultConfigurationName = Release;
		};
		7C01262E243615EA003410BF /* Build configuration list for PBXNativeTarget "ImageRotatorTests" */ = {
			isa = XCConfigurationList;
			buildConfigurations = (
				7C01262F243615EA003410BF /* Debug */,
				7C012630243615EA003410BF /* Release */,
			);
			defaultConfigurationIsVisible = 0;
			defaultConfigurationName = Release;
		};
/* End XCConfigurationList section */
	};
	rootObject = 7C0125FB2435DA81003410BF /* Project object */;
}
